{
  "originHash" : "f650782c01d18e75d8337f6815ac2a52294444239347885d73551e28b1baa4d1",
  "pins" : [
    {
      "identity" : "mapbox-common-ios",
      "kind" : "remoteSourceControl",
      "location" : "https://github.com/mapbox/mapbox-common-ios.git",
      "state" : {
        "revision" : "bf7de994cadc31e8c8d23e34e7282978a7221806",
        "version" : "24.16.1"
      }
    },
    {
      "identity" : "mapbox-core-maps-ios",
      "kind" : "remoteSourceControl",
      "location" : "https://github.com/mapbox/mapbox-core-maps-ios.git",
      "state" : {
        "revision" : "ebf64693cf48ea81ae36d5148dc2cd6c2a249abe",
        "version" : "11.16.1"
      }
    },
    {
      "identity" : "mapbox-maps-ios",
      "kind" : "remoteSourceControl",
      "location" : "https://github.com/mapbox/mapbox-maps-ios.git",
      "state" : {
        "revision" : "bd85d57ac232b960e1fdef8482d1d1236a54b87b",
        "version" : "11.16.1"
      }
    },
    {
      "identity" : "mapbox-navigation-ios",
      "kind" : "remoteSourceControl",
      "location" : "https://github.com/mapbox/mapbox-navigation-ios.git",
      "state" : {
        "revision" : "672ca652116d17305aaa1e97c0ff3c7ead8efc87",
        "version" : "3.16.1"
      }
    },
    {
      "identity" : "mapbox-navigation-native-ios",
      "kind" : "remoteSourceControl",
      "location" : "https://github.com/mapbox/mapbox-navigation-native-ios.git",
      "state" : {
        "revision" : "f2e28454c4e3b3596903027fcad13f09a5ac1c91",
        "version" : "324.16.1"
      }
    },
    {
      "identity" : "swift-argument-parser",
      "kind" : "remoteSourceControl",
      "location" : "https://github.com/apple/swift-argument-parser",
      "state" : {
        "revision" : "cdd0ef3755280949551dc26dee5de9ddeda89f54",
        "version" : "1.6.2"
      }
    },
    {
      "identity" : "swift-custom-dump",
      "kind" : "remoteSourceControl",
      "location" : "https://github.com/pointfreeco/swift-custom-dump",
      "state" : {
        "revision" : "82645ec760917961cfa08c9c0c7104a57a0fa4b1",
        "version" : "1.3.3"
      }
    },
    {
      "identity" : "swift-snapshot-testing",
      "kind" : "remoteSourceControl",
      "location" : "https://github.com/pointfreeco/swift-snapshot-testing.git",
      "state" : {
        "revision" : "a8b7c5e0ed33d8ab8887d1654d9b59f2cbad529b",
        "version" : "1.18.7"
      }
    },
    {
      "identity" : "swift-syntax",
      "kind" : "remoteSourceControl",
      "location" : "https://github.com/swiftlang/swift-syntax",
      "state" : {
        "revision" : "4799286537280063c85a32f09884cfbca301b1a1",
        "version" : "602.0.0"
      }
    },
    {
      "identity" : "turf-swift",
      "kind" : "remoteSourceControl",
      "location" : "https://github.com/mapbox/turf-swift.git",
      "state" : {
        "revision" : "bf840e6b9529d105687840fe2c9dcd74197d46d1",
        "version" : "4.0.0"
      }
    },
    {
      "identity" : "xctest-dynamic-overlay",
      "kind" : "remoteSourceControl",
      "location" : "https://github.com/pointfreeco/xctest-dynamic-overlay",
      "state" : {
        "revision" : "4c27acf5394b645b70d8ba19dc249c0472d5f618",
        "version" : "1.7.0"
      }
    }
  ],
  "version" : 3
}
